<?xml version="1.0" encoding="utf-8"?>
<Project ToolsVersion="4.0" xmlns="http://schemas.microsoft.com/developer/msbuild/2003">
  <ItemGroup>
    <Filter Include="Source Files">
      <UniqueIdentifier>{d9932bec-a391-4e7a-985f-c16612dbd638}</UniqueIdentifier>
      <Extensions>cpp;c;cxx;rc;def;r;odl;idl;hpj;bat</Extensions>
    </Filter>
    <Filter Include="Header Files">
      <UniqueIdentifier>{c83864cf-4ef2-482c-9211-330e50e075ab}</UniqueIdentifier>
      <Extensions>h;hpp;hxx;hm;inl</Extensions>
    </Filter>
    <Filter Include="Resource Files">
      <UniqueIdentifier>{1eca326f-339a-4aa6-95ac-fe13b0a2733b}</UniqueIdentifier>
      <Extensions>ico;cur;bmp;dlg;rc2;rct;bin;rgs;gif;jpg;jpeg;jpe</Extensions>
    </Filter>
  </ItemGroup>
  <ItemGroup>
    <ClCompile Include="example.cpp">
      <Filter>Source Files</Filter>
    </ClCompile>
    <ClCompile Include="exampleDoc.cpp">
      <Filter>Source Files</Filter>
    </ClCompile>
    <ClCompile Include="exampleView.cpp">
      <Filter>Source Files</Filter>
    </ClCompile>
    <ClCompile Include="glCamera.cpp">
      <Filter>Source Files</Filter>
    </ClCompile>
    <ClCompile Include="glControl.cpp">
      <Filter>Source Files</Filter>
    </ClCompile>
    <ClCompile Include="glFont.cpp">
      <Filter>Source Files</Filter>
    </ClCompile>
    <ClCompile Include="glMaterial.cpp">
      <Filter>Source Files</Filter>
    </ClCompile>
    <ClCompile Include="glMath.cpp">
      <Filter>Source Files</Filter>
    </ClCompile>
    <ClCompile Include="glParticle.cpp">
      <Filter>Source Files</Filter>
    </ClCompile>
    <ClCompile Include="glParticleCtrl.cpp">
      <Filter>Source Files</Filter>
    </ClCompile>
    <ClCompile Include="glPicLoad.cpp">
      <Filter>Source Files</Filter>
    </ClCompile>
    <ClCompile Include="glShape.cpp">
      <Filter>Source Files</Filter>
    </ClCompile>
    <ClCompile Include="MainFrm.cpp">
      <Filter>Source Files</Filter>
    </ClCompile>
    <ClCompile Include="myOpenGL.cpp">
      <Filter>Source Files</Filter>
    </ClCompile>
    <ClCompile Include="OpenGL.cpp">
      <Filter>Source Files</Filter>
    </ClCompile>
    <ClCompile Include="StdAfx.cpp">
      <Filter>Source Files</Filter>
    </ClCompile>
    <ClCompile Include="glplant.cpp">
      <Filter>Source Files</Filter>
    </ClCompile>
    <ClCompile Include="plant-control.cpp">
      <Filter>Source Files</Filter>
    </ClCompile>
    <ClCompile Include="Zombie.cpp">
      <Filter>Source Files</Filter>
    </ClCompile>
    <ClCompile Include="Zombie_Control.cpp">
      <Filter>Source Files</Filter>
    </ClCompile>
  </ItemGroup>
  <ItemGroup>
    <ResourceCompile Include="example.rc">
      <Filter>Source Files</Filter>
    </ResourceCompile>
  </ItemGroup>
  <ItemGroup>
    <ClInclude Include="example.h">
      <Filter>Header Files</Filter>
    </ClInclude>
    <ClInclude Include="exampleDoc.h">
      <Filter>Header Files</Filter>
    </ClInclude>
    <ClInclude Include="exampleView.h">
      <Filter>Header Files</Filter>
    </ClInclude>
    <ClInclude Include="glCamera.h">
      <Filter>Header Files</Filter>
    </ClInclude>
    <ClInclude Include="glControl.h">
      <Filter>Header Files</Filter>
    </ClInclude>
    <ClInclude Include="glFont.h">
      <Filter>Header Files</Filter>
    </ClInclude>
    <ClInclude Include="glMaterial.h">
      <Filter>Header Files</Filter>
    </ClInclude>
    <ClInclude Include="glMath.h">
      <Filter>Header Files</Filter>
    </ClInclude>
    <ClInclude Include="glParticle.h">
      <Filter>Header Files</Filter>
    </ClInclude>
    <ClInclude Include="glParticleCtrl.h">
      <Filter>Header Files</Filter>
    </ClInclude>
    <ClInclude Include="glPicLoad.h">
      <Filter>Header Files</Filter>
    </ClInclude>
    <ClInclude Include="glShape.h">
      <Filter>Header Files</Filter>
    </ClInclude>
    <ClInclude Include="glVector3.h">
      <Filter>Header Files</Filter>
    </ClInclude>
    <ClInclude Include="MainFrm.h">
      <Filter>Header Files</Filter>
    </ClInclude>
    <ClInclude Include="myOpenGL.h">
      <Filter>Header Files</Filter>
    </ClInclude>
    <ClInclude Include="OpenGL.h">
      <Filter>Header Files</Filter>
    </ClInclude>
    <ClInclude Include="Resource.h">
      <Filter>Header Files</Filter>
    </ClInclude>
    <ClInclude Include="StdAfx.h">
      <Filter>Header Files</Filter>
    </ClInclude>
    <ClInclude Include="glplant.h">
      <Filter>Header Files</Filter>
    </ClInclude>
    <ClInclude Include="plant-control.h">
      <Filter>Header Files</Filter>
    </ClInclude>
    <ClInclude Include="Zombie.h">
      <Filter>Header Files</Filter>
    </ClInclude>
    <ClInclude Include="Zombie_Control.h">
      <Filter>Header Files</Filter>
    </ClInclude>
    <ClInclude Include="glut.h">
      <Filter>Header Files</Filter>
    </ClInclude>
    <ClInclude Include="GLAux.h">
      <Filter>Header Files</Filter>
    </ClInclude>
  </ItemGroup>
  <ItemGroup>
    <CustomBuild Include="res\example.ico">
      <Filter>Resource Files</Filter>
    </CustomBuild>
    <CustomBuild Include="res\example.rc2">
      <Filter>Resource Files</Filter>
    </CustomBuild>
    <CustomBuild Include="res\exampleDoc.ico">
      <Filter>Resource Files</Filter>
    </CustomBuild>
    <CustomBuild Include="res\Toolbar.bmp">
      <Filter>Resource Files</Filter>
    </CustomBuild>
    <CustomBuild Include="ReadMe.txt" />
  </ItemGroup>
</Project>